// !$*UTF8*$!
{
	archiveVersion = 1;
	classes = {
	};
	objectVersion = 51;
	objects = {

/* Begin PBXBuildFile section */
		45ADDC6C9CD4D6AACB6BF8EC /* Pods_FSPA_FSPAUITests.framework in Frameworks */ = {isa = PBXBuildFile; fileRef = F8E491E895D88D04C323A8F0 /* Pods_FSPA_FSPAUITests.framework */; };
		6469DD7424460E11007CBC89 /* CustomColors.swift in Sources */ = {isa = PBXBuildFile; fileRef = 6469DD7324460E11007CBC89 /* CustomColors.swift */; };
		6469DD7624461ADD007CBC89 /* SectionButton.swift in Sources */ = {isa = PBXBuildFile; fileRef = 6469DD7524461ADD007CBC89 /* SectionButton.swift */; };
		64CE2EAA24439B0500EBE29C /* HomeViewController.swift in Sources */ = {isa = PBXBuildFile; fileRef = 64CE2EA924439B0500EBE29C /* HomeViewController.swift */; };
		674E9E8E651F5DAD9D49DAEA /* Pods_FSPATests.framework in Frameworks */ = {isa = PBXBuildFile; fileRef = 771D1814AA7B00D1B070EF90 /* Pods_FSPATests.framework */; };
		CE14797EEB0A42F4DFD322AD /* Pods_FSPA.framework in Frameworks */ = {isa = PBXBuildFile; fileRef = 429B2F88C1C4F39EBDA78A56 /* Pods_FSPA.framework */; };
		F51D9B7624468A190008DE84 /* LoginViewController.swift in Sources */ = {isa = PBXBuildFile; fileRef = F51D9B7524468A190008DE84 /* LoginViewController.swift */; };
		F58DAE762447A11200BCAB02 /* LoginPageViewController.swift in Sources */ = {isa = PBXBuildFile; fileRef = F58DAE752447A11200BCAB02 /* LoginPageViewController.swift */; };
		F58DAE782447A12200BCAB02 /* RegisterPageViewController.swift in Sources */ = {isa = PBXBuildFile; fileRef = F58DAE772447A12200BCAB02 /* RegisterPageViewController.swift */; };
		F58DAE7C2448079800BCAB02 /* Alerts.storyboard in Resources */ = {isa = PBXBuildFile; fileRef = F58DAE792448079700BCAB02 /* Alerts.storyboard */; };
		F58DAE7D2448079800BCAB02 /* Utils.swift in Sources */ = {isa = PBXBuildFile; fileRef = F58DAE7A2448079700BCAB02 /* Utils.swift */; };
		F58DAE7E2448079800BCAB02 /* dangerousActionAlert.swift in Sources */ = {isa = PBXBuildFile; fileRef = F58DAE7B2448079700BCAB02 /* dangerousActionAlert.swift */; };
		F58DAE8024480B0A00BCAB02 /* User.swift in Sources */ = {isa = PBXBuildFile; fileRef = F58DAE7F24480B0A00BCAB02 /* User.swift */; };
		F58DAE82244EBD8700BCAB02 /* SlideMenuViewController.swift in Sources */ = {isa = PBXBuildFile; fileRef = F58DAE81244EBD8700BCAB02 /* SlideMenuViewController.swift */; };
		F58DAE84244FB33200BCAB02 /* Workspace.swift in Sources */ = {isa = PBXBuildFile; fileRef = F58DAE83244FB33200BCAB02 /* Workspace.swift */; };
		F58DAE862458D15400BCAB02 /* EditWorkspaceViewController.swift in Sources */ = {isa = PBXBuildFile; fileRef = F58DAE852458D15400BCAB02 /* EditWorkspaceViewController.swift */; };
		F58DAE882469F68000BCAB02 /* CreateWorkspaceViewController.swift in Sources */ = {isa = PBXBuildFile; fileRef = F58DAE872469F68000BCAB02 /* CreateWorkspaceViewController.swift */; };
		F59CAF2D243E5E3E0033A283 /* AppDelegate.swift in Sources */ = {isa = PBXBuildFile; fileRef = F59CAF2C243E5E3E0033A283 /* AppDelegate.swift */; };
		F59CAF2F243E5E3E0033A283 /* SceneDelegate.swift in Sources */ = {isa = PBXBuildFile; fileRef = F59CAF2E243E5E3E0033A283 /* SceneDelegate.swift */; };
		F59CAF39243E5E430033A283 /* Assets.xcassets in Resources */ = {isa = PBXBuildFile; fileRef = F59CAF38243E5E430033A283 /* Assets.xcassets */; };
		F59CAF3C243E5E430033A283 /* LaunchScreen.storyboard in Resources */ = {isa = PBXBuildFile; fileRef = F59CAF3A243E5E430033A283 /* LaunchScreen.storyboard */; };
		F59CAF47243E5E430033A283 /* FSPATests.swift in Sources */ = {isa = PBXBuildFile; fileRef = F59CAF46243E5E430033A283 /* FSPATests.swift */; };
		F59CAF52243E5E430033A283 /* FSPAUITests.swift in Sources */ = {isa = PBXBuildFile; fileRef = F59CAF51243E5E430033A283 /* FSPAUITests.swift */; };
		F59CAF60243E5FAA0033A283 /* GoogleService-Info.plist in Resources */ = {isa = PBXBuildFile; fileRef = F59CAF5F243E5FA90033A283 /* GoogleService-Info.plist */; };
/* End PBXBuildFile section */

/* Begin PBXContainerItemProxy section */
		F59CAF43243E5E430033A283 /* PBXContainerItemProxy */ = {
			isa = PBXContainerItemProxy;
			containerPortal = F59CAF21243E5E3E0033A283 /* Project object */;
			proxyType = 1;
			remoteGlobalIDString = F59CAF28243E5E3E0033A283;
			remoteInfo = FSPA;
		};
		F59CAF4E243E5E430033A283 /* PBXContainerItemProxy */ = {
			isa = PBXContainerItemProxy;
			containerPortal = F59CAF21243E5E3E0033A283 /* Project object */;
			proxyType = 1;
			remoteGlobalIDString = F59CAF28243E5E3E0033A283;
			remoteInfo = FSPA;
		};
/* End PBXContainerItemProxy section */

/* Begin PBXFileReference section */
		36184D828FB038EAC8160769 /* Pods-FSPA.debug.xcconfig */ = {isa = PBXFileReference; includeInIndex = 1; lastKnownFileType = text.xcconfig; name = "Pods-FSPA.debug.xcconfig"; path = "Target Support Files/Pods-FSPA/Pods-FSPA.debug.xcconfig"; sourceTree = "<group>"; };
		429B2F88C1C4F39EBDA78A56 /* Pods_FSPA.framework */ = {isa = PBXFileReference; explicitFileType = wrapper.framework; includeInIndex = 0; path = Pods_FSPA.framework; sourceTree = BUILT_PRODUCTS_DIR; };
		6469DD7324460E11007CBC89 /* CustomColors.swift */ = {isa = PBXFileReference; lastKnownFileType = sourcecode.swift; path = CustomColors.swift; sourceTree = "<group>"; };
		6469DD7524461ADD007CBC89 /* SectionButton.swift */ = {isa = PBXFileReference; lastKnownFileType = sourcecode.swift; path = SectionButton.swift; sourceTree = "<group>"; };
		64CE2EA924439B0500EBE29C /* HomeViewController.swift */ = {isa = PBXFileReference; lastKnownFileType = sourcecode.swift; path = HomeViewController.swift; sourceTree = "<group>"; };
		69183ECCD8EC63653E43E183 /* Pods-FSPA.release.xcconfig */ = {isa = PBXFileReference; includeInIndex = 1; lastKnownFileType = text.xcconfig; name = "Pods-FSPA.release.xcconfig"; path = "Target Support Files/Pods-FSPA/Pods-FSPA.release.xcconfig"; sourceTree = "<group>"; };
		771D1814AA7B00D1B070EF90 /* Pods_FSPATests.framework */ = {isa = PBXFileReference; explicitFileType = wrapper.framework; includeInIndex = 0; path = Pods_FSPATests.framework; sourceTree = BUILT_PRODUCTS_DIR; };
		A95605FDA875B8A4257FD0AA /* Pods-FSPA-FSPAUITests.debug.xcconfig */ = {isa = PBXFileReference; includeInIndex = 1; lastKnownFileType = text.xcconfig; name = "Pods-FSPA-FSPAUITests.debug.xcconfig"; path = "Target Support Files/Pods-FSPA-FSPAUITests/Pods-FSPA-FSPAUITests.debug.xcconfig"; sourceTree = "<group>"; };
		E973E20EB6C021F4C6ED34BE /* Pods-FSPATests.release.xcconfig */ = {isa = PBXFileReference; includeInIndex = 1; lastKnownFileType = text.xcconfig; name = "Pods-FSPATests.release.xcconfig"; path = "Target Support Files/Pods-FSPATests/Pods-FSPATests.release.xcconfig"; sourceTree = "<group>"; };
		F249CA8FE30EAEE3127DF69B /* Pods-FSPATests.debug.xcconfig */ = {isa = PBXFileReference; includeInIndex = 1; lastKnownFileType = text.xcconfig; name = "Pods-FSPATests.debug.xcconfig"; path = "Target Support Files/Pods-FSPATests/Pods-FSPATests.debug.xcconfig"; sourceTree = "<group>"; };
		F51D9B7524468A190008DE84 /* LoginViewController.swift */ = {isa = PBXFileReference; lastKnownFileType = sourcecode.swift; path = LoginViewController.swift; sourceTree = "<group>"; };
		F58DAE752447A11200BCAB02 /* LoginPageViewController.swift */ = {isa = PBXFileReference; lastKnownFileType = sourcecode.swift; path = LoginPageViewController.swift; sourceTree = "<group>"; };
		F58DAE772447A12200BCAB02 /* RegisterPageViewController.swift */ = {isa = PBXFileReference; lastKnownFileType = sourcecode.swift; path = RegisterPageViewController.swift; sourceTree = "<group>"; };
		F58DAE792448079700BCAB02 /* Alerts.storyboard */ = {isa = PBXFileReference; fileEncoding = 4; lastKnownFileType = file.storyboard; path = Alerts.storyboard; sourceTree = "<group>"; };
		F58DAE7A2448079700BCAB02 /* Utils.swift */ = {isa = PBXFileReference; fileEncoding = 4; lastKnownFileType = sourcecode.swift; path = Utils.swift; sourceTree = "<group>"; };
		F58DAE7B2448079700BCAB02 /* dangerousActionAlert.swift */ = {isa = PBXFileReference; fileEncoding = 4; lastKnownFileType = sourcecode.swift; path = dangerousActionAlert.swift; sourceTree = "<group>"; };
		F58DAE7F24480B0A00BCAB02 /* User.swift */ = {isa = PBXFileReference; fileEncoding = 4; lastKnownFileType = sourcecode.swift; path = User.swift; sourceTree = "<group>"; };
		F58DAE81244EBD8700BCAB02 /* SlideMenuViewController.swift */ = {isa = PBXFileReference; lastKnownFileType = sourcecode.swift; path = SlideMenuViewController.swift; sourceTree = "<group>"; usesTabs = 1; };
		F58DAE83244FB33200BCAB02 /* Workspace.swift */ = {isa = PBXFileReference; lastKnownFileType = sourcecode.swift; path = Workspace.swift; sourceTree = "<group>"; };
		F58DAE852458D15400BCAB02 /* EditWorkspaceViewController.swift */ = {isa = PBXFileReference; lastKnownFileType = sourcecode.swift; path = EditWorkspaceViewController.swift; sourceTree = "<group>"; };
		F58DAE872469F68000BCAB02 /* CreateWorkspaceViewController.swift */ = {isa = PBXFileReference; lastKnownFileType = sourcecode.swift; path = CreateWorkspaceViewController.swift; sourceTree = "<group>"; };
		F59CAF29243E5E3E0033A283 /* FSPA.app */ = {isa = PBXFileReference; explicitFileType = wrapper.application; includeInIndex = 0; path = FSPA.app; sourceTree = BUILT_PRODUCTS_DIR; };
		F59CAF2C243E5E3E0033A283 /* AppDelegate.swift */ = {isa = PBXFileReference; lastKnownFileType = sourcecode.swift; path = AppDelegate.swift; sourceTree = "<group>"; };
		F59CAF2E243E5E3E0033A283 /* SceneDelegate.swift */ = {isa = PBXFileReference; lastKnownFileType = sourcecode.swift; path = SceneDelegate.swift; sourceTree = "<group>"; };
		F59CAF38243E5E430033A283 /* Assets.xcassets */ = {isa = PBXFileReference; lastKnownFileType = folder.assetcatalog; path = Assets.xcassets; sourceTree = "<group>"; };
		F59CAF3B243E5E430033A283 /* Base */ = {isa = PBXFileReference; lastKnownFileType = file.storyboard; name = Base; path = Base.lproj/LaunchScreen.storyboard; sourceTree = "<group>"; };
		F59CAF3D243E5E430033A283 /* Info.plist */ = {isa = PBXFileReference; lastKnownFileType = text.plist.xml; path = Info.plist; sourceTree = "<group>"; };
		F59CAF42243E5E430033A283 /* FSPATests.xctest */ = {isa = PBXFileReference; explicitFileType = wrapper.cfbundle; includeInIndex = 0; path = FSPATests.xctest; sourceTree = BUILT_PRODUCTS_DIR; };
		F59CAF46243E5E430033A283 /* FSPATests.swift */ = {isa = PBXFileReference; lastKnownFileType = sourcecode.swift; path = FSPATests.swift; sourceTree = "<group>"; };
		F59CAF48243E5E430033A283 /* Info.plist */ = {isa = PBXFileReference; lastKnownFileType = text.plist.xml; path = Info.plist; sourceTree = "<group>"; };
		F59CAF4D243E5E430033A283 /* FSPAUITests.xctest */ = {isa = PBXFileReference; explicitFileType = wrapper.cfbundle; includeInIndex = 0; path = FSPAUITests.xctest; sourceTree = BUILT_PRODUCTS_DIR; };
		F59CAF51243E5E430033A283 /* FSPAUITests.swift */ = {isa = PBXFileReference; lastKnownFileType = sourcecode.swift; path = FSPAUITests.swift; sourceTree = "<group>"; };
		F59CAF53243E5E430033A283 /* Info.plist */ = {isa = PBXFileReference; lastKnownFileType = text.plist.xml; path = Info.plist; sourceTree = "<group>"; };
		F59CAF5F243E5FA90033A283 /* GoogleService-Info.plist */ = {isa = PBXFileReference; fileEncoding = 4; lastKnownFileType = text.plist.xml; path = "GoogleService-Info.plist"; sourceTree = "<group>"; };
		F6F09D82C1DFF2B68F6EDA34 /* Pods-FSPA-FSPAUITests.release.xcconfig */ = {isa = PBXFileReference; includeInIndex = 1; lastKnownFileType = text.xcconfig; name = "Pods-FSPA-FSPAUITests.release.xcconfig"; path = "Target Support Files/Pods-FSPA-FSPAUITests/Pods-FSPA-FSPAUITests.release.xcconfig"; sourceTree = "<group>"; };
		F8E491E895D88D04C323A8F0 /* Pods_FSPA_FSPAUITests.framework */ = {isa = PBXFileReference; explicitFileType = wrapper.framework; includeInIndex = 0; path = Pods_FSPA_FSPAUITests.framework; sourceTree = BUILT_PRODUCTS_DIR; };
/* End PBXFileReference section */

/* Begin PBXFrameworksBuildPhase section */
		F59CAF26243E5E3E0033A283 /* Frameworks */ = {
			isa = PBXFrameworksBuildPhase;
			buildActionMask = 2147483647;
			files = (
				CE14797EEB0A42F4DFD322AD /* Pods_FSPA.framework in Frameworks */,
			);
			runOnlyForDeploymentPostprocessing = 0;
		};
		F59CAF3F243E5E430033A283 /* Frameworks */ = {
			isa = PBXFrameworksBuildPhase;
			buildActionMask = 2147483647;
			files = (
				674E9E8E651F5DAD9D49DAEA /* Pods_FSPATests.framework in Frameworks */,
			);
			runOnlyForDeploymentPostprocessing = 0;
		};
		F59CAF4A243E5E430033A283 /* Frameworks */ = {
			isa = PBXFrameworksBuildPhase;
			buildActionMask = 2147483647;
			files = (
				45ADDC6C9CD4D6AACB6BF8EC /* Pods_FSPA_FSPAUITests.framework in Frameworks */,
			);
			runOnlyForDeploymentPostprocessing = 0;
		};
/* End PBXFrameworksBuildPhase section */

/* Begin PBXGroup section */
		7B2DA3E9FE37F656DF60CBCC /* Frameworks */ = {
			isa = PBXGroup;
			children = (
				429B2F88C1C4F39EBDA78A56 /* Pods_FSPA.framework */,
				F8E491E895D88D04C323A8F0 /* Pods_FSPA_FSPAUITests.framework */,
				771D1814AA7B00D1B070EF90 /* Pods_FSPATests.framework */,
			);
			name = Frameworks;
			sourceTree = "<group>";
		};
		C03D8CDF9EEBC65FA632C803 /* Pods */ = {
			isa = PBXGroup;
			children = (
				36184D828FB038EAC8160769 /* Pods-FSPA.debug.xcconfig */,
				69183ECCD8EC63653E43E183 /* Pods-FSPA.release.xcconfig */,
				A95605FDA875B8A4257FD0AA /* Pods-FSPA-FSPAUITests.debug.xcconfig */,
				F6F09D82C1DFF2B68F6EDA34 /* Pods-FSPA-FSPAUITests.release.xcconfig */,
				F249CA8FE30EAEE3127DF69B /* Pods-FSPATests.debug.xcconfig */,
				E973E20EB6C021F4C6ED34BE /* Pods-FSPATests.release.xcconfig */,
			);
			path = Pods;
			sourceTree = "<group>";
		};
		F59CAF20243E5E3E0033A283 = {
			isa = PBXGroup;
			children = (
				F59CAF2B243E5E3E0033A283 /* FSPA */,
				F59CAF45243E5E430033A283 /* FSPATests */,
				F59CAF50243E5E430033A283 /* FSPAUITests */,
				F59CAF2A243E5E3E0033A283 /* Products */,
				C03D8CDF9EEBC65FA632C803 /* Pods */,
				7B2DA3E9FE37F656DF60CBCC /* Frameworks */,
			);
			sourceTree = "<group>";
		};
		F59CAF2A243E5E3E0033A283 /* Products */ = {
			isa = PBXGroup;
			children = (
				F59CAF29243E5E3E0033A283 /* FSPA.app */,
				F59CAF42243E5E430033A283 /* FSPATests.xctest */,
				F59CAF4D243E5E430033A283 /* FSPAUITests.xctest */,
			);
			name = Products;
			sourceTree = "<group>";
		};
		F59CAF2B243E5E3E0033A283 /* FSPA */ = {
			isa = PBXGroup;
			children = (
				F59CAF2C243E5E3E0033A283 /* AppDelegate.swift */,
				F59CAF2E243E5E3E0033A283 /* SceneDelegate.swift */,
				6469DD7324460E11007CBC89 /* CustomColors.swift */,
				6469DD7524461ADD007CBC89 /* SectionButton.swift */,
				64CE2EA924439B0500EBE29C /* HomeViewController.swift */,
				F59CAF38243E5E430033A283 /* Assets.xcassets */,
				F59CAF3A243E5E430033A283 /* LaunchScreen.storyboard */,
				F58DAE792448079700BCAB02 /* Alerts.storyboard */,
				F58DAE7B2448079700BCAB02 /* dangerousActionAlert.swift */,
				F58DAE7A2448079700BCAB02 /* Utils.swift */,
				F59CAF3D243E5E430033A283 /* Info.plist */,
				F58DAE7F24480B0A00BCAB02 /* User.swift */,
				F59CAF5F243E5FA90033A283 /* GoogleService-Info.plist */,
				F51D9B7524468A190008DE84 /* LoginViewController.swift */,
				F58DAE752447A11200BCAB02 /* LoginPageViewController.swift */,
				F58DAE772447A12200BCAB02 /* RegisterPageViewController.swift */,
				F58DAE81244EBD8700BCAB02 /* SlideMenuViewController.swift */,
				F58DAE83244FB33200BCAB02 /* Workspace.swift */,
				F58DAE852458D15400BCAB02 /* EditWorkspaceViewController.swift */,
				F58DAE872469F68000BCAB02 /* CreateWorkspaceViewController.swift */,
			);
			path = FSPA;
			sourceTree = "<group>";
		};
		F59CAF45243E5E430033A283 /* FSPATests */ = {
			isa = PBXGroup;
			children = (
				F59CAF46243E5E430033A283 /* FSPATests.swift */,
				F59CAF48243E5E430033A283 /* Info.plist */,
			);
			path = FSPATests;
			sourceTree = "<group>";
		};
		F59CAF50243E5E430033A283 /* FSPAUITests */ = {
			isa = PBXGroup;
			children = (
				F59CAF51243E5E430033A283 /* FSPAUITests.swift */,
				F59CAF53243E5E430033A283 /* Info.plist */,
			);
			path = FSPAUITests;
			sourceTree = "<group>";
		};
/* End PBXGroup section */

/* Begin PBXNativeTarget section */
		F59CAF28243E5E3E0033A283 /* FSPA */ = {
			isa = PBXNativeTarget;
			buildConfigurationList = F59CAF56243E5E430033A283 /* Build configuration list for PBXNativeTarget "FSPA" */;
			buildPhases = (
				64E267AF3BB3EC6B2DCF34DB /* [CP] Check Pods Manifest.lock */,
				F59CAF25243E5E3E0033A283 /* Sources */,
				F59CAF26243E5E3E0033A283 /* Frameworks */,
				F59CAF27243E5E3E0033A283 /* Resources */,
				55088BEC37108A6029E596F9 /* [CP] Embed Pods Frameworks */,
				CC515E28BF5D5F6FDB60594B /* [CP] Copy Pods Resources */,
			);
			buildRules = (
			);
			dependencies = (
			);
			name = FSPA;
			productName = FSPA;
			productReference = F59CAF29243E5E3E0033A283 /* FSPA.app */;
			productType = "com.apple.product-type.application";
		};
		F59CAF41243E5E430033A283 /* FSPATests */ = {
			isa = PBXNativeTarget;
			buildConfigurationList = F59CAF59243E5E430033A283 /* Build configuration list for PBXNativeTarget "FSPATests" */;
			buildPhases = (
				A64FEBFD4A4BCD7F6DFEDF93 /* [CP] Check Pods Manifest.lock */,
				F59CAF3E243E5E430033A283 /* Sources */,
				F59CAF3F243E5E430033A283 /* Frameworks */,
				F59CAF40243E5E430033A283 /* Resources */,
			);
			buildRules = (
			);
			dependencies = (
				F59CAF44243E5E430033A283 /* PBXTargetDependency */,
			);
			name = FSPATests;
			productName = FSPATests;
			productReference = F59CAF42243E5E430033A283 /* FSPATests.xctest */;
			productType = "com.apple.product-type.bundle.unit-test";
		};
		F59CAF4C243E5E430033A283 /* FSPAUITests */ = {
			isa = PBXNativeTarget;
			buildConfigurationList = F59CAF5C243E5E430033A283 /* Build configuration list for PBXNativeTarget "FSPAUITests" */;
			buildPhases = (
				2C78372D4E17564B5F9D6B05 /* [CP] Check Pods Manifest.lock */,
				F59CAF49243E5E430033A283 /* Sources */,
				F59CAF4A243E5E430033A283 /* Frameworks */,
				F59CAF4B243E5E430033A283 /* Resources */,
				AB08E2E4D39EDA0C22752911 /* [CP] Embed Pods Frameworks */,
				F982A3D774E4A1C1F4FF9792 /* [CP] Copy Pods Resources */,
			);
			buildRules = (
			);
			dependencies = (
				F59CAF4F243E5E430033A283 /* PBXTargetDependency */,
			);
			name = FSPAUITests;
			productName = FSPAUITests;
			productReference = F59CAF4D243E5E430033A283 /* FSPAUITests.xctest */;
			productType = "com.apple.product-type.bundle.ui-testing";
		};
/* End PBXNativeTarget section */

/* Begin PBXProject section */
		F59CAF21243E5E3E0033A283 /* Project object */ = {
			isa = PBXProject;
			attributes = {
				LastSwiftUpdateCheck = 1140;
				LastUpgradeCheck = 1140;
				ORGANIZATIONNAME = "Poppin Software";
				TargetAttributes = {
					F59CAF28243E5E3E0033A283 = {
						CreatedOnToolsVersion = 11.4;
					};
					F59CAF41243E5E430033A283 = {
						CreatedOnToolsVersion = 11.4;
						TestTargetID = F59CAF28243E5E3E0033A283;
					};
					F59CAF4C243E5E430033A283 = {
						CreatedOnToolsVersion = 11.4;
						TestTargetID = F59CAF28243E5E3E0033A283;
					};
				};
			};
			buildConfigurationList = F59CAF24243E5E3E0033A283 /* Build configuration list for PBXProject "FSPA" */;
			compatibilityVersion = "Xcode 9.3";
			developmentRegion = en;
			hasScannedForEncodings = 0;
			knownRegions = (
				en,
				Base,
			);
			mainGroup = F59CAF20243E5E3E0033A283;
			productRefGroup = F59CAF2A243E5E3E0033A283 /* Products */;
			projectDirPath = "";
			projectRoot = "";
			targets = (
				F59CAF28243E5E3E0033A283 /* FSPA */,
				F59CAF41243E5E430033A283 /* FSPATests */,
				F59CAF4C243E5E430033A283 /* FSPAUITests */,
			);
		};
/* End PBXProject section */

/* Begin PBXResourcesBuildPhase section */
		F59CAF27243E5E3E0033A283 /* Resources */ = {
			isa = PBXResourcesBuildPhase;
			buildActionMask = 2147483647;
			files = (
				F59CAF3C243E5E430033A283 /* LaunchScreen.storyboard in Resources */,
				F59CAF60243E5FAA0033A283 /* GoogleService-Info.plist in Resources */,
				F59CAF39243E5E430033A283 /* Assets.xcassets in Resources */,
				F58DAE7C2448079800BCAB02 /* Alerts.storyboard in Resources */,
			);
			runOnlyForDeploymentPostprocessing = 0;
		};
		F59CAF40243E5E430033A283 /* Resources */ = {
			isa = PBXResourcesBuildPhase;
			buildActionMask = 2147483647;
			files = (
			);
			runOnlyForDeploymentPostprocessing = 0;
		};
		F59CAF4B243E5E430033A283 /* Resources */ = {
			isa = PBXResourcesBuildPhase;
			buildActionMask = 2147483647;
			files = (
			);
			runOnlyForDeploymentPostprocessing = 0;
		};
/* End PBXResourcesBuildPhase section */

/* Begin PBXShellScriptBuildPhase section */
		2C78372D4E17564B5F9D6B05 /* [CP] Check Pods Manifest.lock */ = {
			isa = PBXShellScriptBuildPhase;
			buildActionMask = 2147483647;
			files = (
			);
			inputFileListPaths = (
			);
			inputPaths = (
				"${PODS_PODFILE_DIR_PATH}/Podfile.lock",
				"${PODS_ROOT}/Manifest.lock",
			);
			name = "[CP] Check Pods Manifest.lock";
			outputFileListPaths = (
			);
			outputPaths = (
				"$(DERIVED_FILE_DIR)/Pods-FSPA-FSPAUITests-checkManifestLockResult.txt",
			);
			runOnlyForDeploymentPostprocessing = 0;
			shellPath = /bin/sh;
			shellScript = "diff \"${PODS_PODFILE_DIR_PATH}/Podfile.lock\" \"${PODS_ROOT}/Manifest.lock\" > /dev/null\nif [ $? != 0 ] ; then\n    # print error to STDERR\n    echo \"error: The sandbox is not in sync with the Podfile.lock. Run 'pod install' or update your CocoaPods installation.\" >&2\n    exit 1\nfi\n# This output is used by Xcode 'outputs' to avoid re-running this script phase.\necho \"SUCCESS\" > \"${SCRIPT_OUTPUT_FILE_0}\"\n";
			showEnvVarsInLog = 0;
		};
		55088BEC37108A6029E596F9 /* [CP] Embed Pods Frameworks */ = {
			isa = PBXShellScriptBuildPhase;
			buildActionMask = 2147483647;
			files = (
			);
			inputFileListPaths = (
				"${PODS_ROOT}/Target Support Files/Pods-FSPA/Pods-FSPA-frameworks-${CONFIGURATION}-input-files.xcfilelist",
			);
			name = "[CP] Embed Pods Frameworks";
			outputFileListPaths = (
				"${PODS_ROOT}/Target Support Files/Pods-FSPA/Pods-FSPA-frameworks-${CONFIGURATION}-output-files.xcfilelist",
			);
			runOnlyForDeploymentPostprocessing = 0;
			shellPath = /bin/sh;
			shellScript = "\"${PODS_ROOT}/Target Support Files/Pods-FSPA/Pods-FSPA-frameworks.sh\"\n";
			showEnvVarsInLog = 0;
		};
		64E267AF3BB3EC6B2DCF34DB /* [CP] Check Pods Manifest.lock */ = {
			isa = PBXShellScriptBuildPhase;
			buildActionMask = 2147483647;
			files = (
			);
			inputFileListPaths = (
			);
			inputPaths = (
				"${PODS_PODFILE_DIR_PATH}/Podfile.lock",
				"${PODS_ROOT}/Manifest.lock",
			);
			name = "[CP] Check Pods Manifest.lock";
			outputFileListPaths = (
			);
			outputPaths = (
				"$(DERIVED_FILE_DIR)/Pods-FSPA-checkManifestLockResult.txt",
			);
			runOnlyForDeploymentPostprocessing = 0;
			shellPath = /bin/sh;
			shellScript = "diff \"${PODS_PODFILE_DIR_PATH}/Podfile.lock\" \"${PODS_ROOT}/Manifest.lock\" > /dev/null\nif [ $? != 0 ] ; then\n    # print error to STDERR\n    echo \"error: The sandbox is not in sync with the Podfile.lock. Run 'pod install' or update your CocoaPods installation.\" >&2\n    exit 1\nfi\n# This output is used by Xcode 'outputs' to avoid re-running this script phase.\necho \"SUCCESS\" > \"${SCRIPT_OUTPUT_FILE_0}\"\n";
			showEnvVarsInLog = 0;
		};
		A64FEBFD4A4BCD7F6DFEDF93 /* [CP] Check Pods Manifest.lock */ = {
			isa = PBXShellScriptBuildPhase;
			buildActionMask = 2147483647;
			files = (
			);
			inputFileListPaths = (
			);
			inputPaths = (
				"${PODS_PODFILE_DIR_PATH}/Podfile.lock",
				"${PODS_ROOT}/Manifest.lock",
			);
			name = "[CP] Check Pods Manifest.lock";
			outputFileListPaths = (
			);
			outputPaths = (
				"$(DERIVED_FILE_DIR)/Pods-FSPATests-checkManifestLockResult.txt",
			);
			runOnlyForDeploymentPostprocessing = 0;
			shellPath = /bin/sh;
			shellScript = "diff \"${PODS_PODFILE_DIR_PATH}/Podfile.lock\" \"${PODS_ROOT}/Manifest.lock\" > /dev/null\nif [ $? != 0 ] ; then\n    # print error to STDERR\n    echo \"error: The sandbox is not in sync with the Podfile.lock. Run 'pod install' or update your CocoaPods installation.\" >&2\n    exit 1\nfi\n# This output is used by Xcode 'outputs' to avoid re-running this script phase.\necho \"SUCCESS\" > \"${SCRIPT_OUTPUT_FILE_0}\"\n";
			showEnvVarsInLog = 0;
		};
		AB08E2E4D39EDA0C22752911 /* [CP] Embed Pods Frameworks */ = {
			isa = PBXShellScriptBuildPhase;
			buildActionMask = 2147483647;
			files = (
			);
			inputFileListPaths = (
				"${PODS_ROOT}/Target Support Files/Pods-FSPA-FSPAUITests/Pods-FSPA-FSPAUITests-frameworks-${CONFIGURATION}-input-files.xcfilelist",
			);
			name = "[CP] Embed Pods Frameworks";
			outputFileListPaths = (
				"${PODS_ROOT}/Target Support Files/Pods-FSPA-FSPAUITests/Pods-FSPA-FSPAUITests-frameworks-${CONFIGURATION}-output-files.xcfilelist",
			);
			runOnlyForDeploymentPostprocessing = 0;
			shellPath = /bin/sh;
			shellScript = "\"${PODS_ROOT}/Target Support Files/Pods-FSPA-FSPAUITests/Pods-FSPA-FSPAUITests-frameworks.sh\"\n";
			showEnvVarsInLog = 0;
		};
		CC515E28BF5D5F6FDB60594B /* [CP] Copy Pods Resources */ = {
			isa = PBXShellScriptBuildPhase;
			buildActionMask = 2147483647;
			files = (
			);
			inputFileListPaths = (
				"${PODS_ROOT}/Target Support Files/Pods-FSPA/Pods-FSPA-resources-${CONFIGURATION}-input-files.xcfilelist",
			);
			name = "[CP] Copy Pods Resources";
			outputFileListPaths = (
				"${PODS_ROOT}/Target Support Files/Pods-FSPA/Pods-FSPA-resources-${CONFIGURATION}-output-files.xcfilelist",
			);
			runOnlyForDeploymentPostprocessing = 0;
			shellPath = /bin/sh;
			shellScript = "\"${PODS_ROOT}/Target Support Files/Pods-FSPA/Pods-FSPA-resources.sh\"\n";
			showEnvVarsInLog = 0;
		};
		F982A3D774E4A1C1F4FF9792 /* [CP] Copy Pods Resources */ = {
			isa = PBXShellScriptBuildPhase;
			buildActionMask = 2147483647;
			files = (
			);
			inputFileListPaths = (
				"${PODS_ROOT}/Target Support Files/Pods-FSPA-FSPAUITests/Pods-FSPA-FSPAUITests-resources-${CONFIGURATION}-input-files.xcfilelist",
			);
			name = "[CP] Copy Pods Resources";
			outputFileListPaths = (
				"${PODS_ROOT}/Target Support Files/Pods-FSPA-FSPAUITests/Pods-FSPA-FSPAUITests-resources-${CONFIGURATION}-output-files.xcfilelist",
			);
			runOnlyForDeploymentPostprocessing = 0;
			shellPath = /bin/sh;
			shellScript = "\"${PODS_ROOT}/Target Support Files/Pods-FSPA-FSPAUITests/Pods-FSPA-FSPAUITests-resources.sh\"\n";
			showEnvVarsInLog = 0;
		};
/* End PBXShellScriptBuildPhase section */

/* Begin PBXSourcesBuildPhase section */
		F59CAF25243E5E3E0033A283 /* Sources */ = {
			isa = PBXSourcesBuildPhase;
			buildActionMask = 2147483647;
			files = (
				F58DAE862458D15400BCAB02 /* EditWorkspaceViewController.swift in Sources */,
				F58DAE782447A12200BCAB02 /* RegisterPageViewController.swift in Sources */,
				F58DAE82244EBD8700BCAB02 /* SlideMenuViewController.swift in Sources */,
				F58DAE7E2448079800BCAB02 /* dangerousActionAlert.swift in Sources */,
				F51D9B7624468A190008DE84 /* LoginViewController.swift in Sources */,
				F58DAE7D2448079800BCAB02 /* Utils.swift in Sources */,
				F59CAF2D243E5E3E0033A283 /* AppDelegate.swift in Sources */,
				6469DD7624461ADD007CBC89 /* SectionButton.swift in Sources */,
				F59CAF2F243E5E3E0033A283 /* SceneDelegate.swift in Sources */,
				6469DD7424460E11007CBC89 /* CustomColors.swift in Sources */,
				F58DAE762447A11200BCAB02 /* LoginPageViewController.swift in Sources */,
				64CE2EAA24439B0500EBE29C /* HomeViewController.swift in Sources */,
				F58DAE8024480B0A00BCAB02 /* User.swift in Sources */,
				F58DAE84244FB33200BCAB02 /* Workspace.swift in Sources */,
				F58DAE882469F68000BCAB02 /* CreateWorkspaceViewController.swift in Sources */,
			);
			runOnlyForDeploymentPostprocessing = 0;
		};
		F59CAF3E243E5E430033A283 /* Sources */ = {
			isa = PBXSourcesBuildPhase;
			buildActionMask = 2147483647;
			files = (
				F59CAF47243E5E430033A283 /* FSPATests.swift in Sources */,
			);
			runOnlyForDeploymentPostprocessing = 0;
		};
		F59CAF49243E5E430033A283 /* Sources */ = {
			isa = PBXSourcesBuildPhase;
			buildActionMask = 2147483647;
			files = (
				F59CAF52243E5E430033A283 /* FSPAUITests.swift in Sources */,
			);
			runOnlyForDeploymentPostprocessing = 0;
		};
/* End PBXSourcesBuildPhase section */

/* Begin PBXTargetDependency section */
		F59CAF44243E5E430033A283 /* PBXTargetDependency */ = {
			isa = PBXTargetDependency;
			target = F59CAF28243E5E3E0033A283 /* FSPA */;
			targetProxy = F59CAF43243E5E430033A283 /* PBXContainerItemProxy */;
		};
		F59CAF4F243E5E430033A283 /* PBXTargetDependency */ = {
			isa = PBXTargetDependency;
			target = F59CAF28243E5E3E0033A283 /* FSPA */;
			targetProxy = F59CAF4E243E5E430033A283 /* PBXContainerItemProxy */;
		};
/* End PBXTargetDependency section */

/* Begin PBXVariantGroup section */
		F59CAF3A243E5E430033A283 /* LaunchScreen.storyboard */ = {
			isa = PBXVariantGroup;
			children = (
				F59CAF3B243E5E430033A283 /* Base */,
			);
			name = LaunchScreen.storyboard;
			sourceTree = "<group>";
		};
/* End PBXVariantGroup section */

/* Begin XCBuildConfiguration section */
		F59CAF54243E5E430033A283 /* Debug */ = {
			isa = XCBuildConfiguration;
			buildSettings = {
				ALWAYS_SEARCH_USER_PATHS = NO;
				CLANG_ANALYZER_NONNULL = YES;
				CLANG_ANALYZER_NUMBER_OBJECT_CONVERSION = YES_AGGRESSIVE;
				CLANG_CXX_LANGUAGE_STANDARD = "gnu++14";
				CLANG_CXX_LIBRARY = "libc++";
				CLANG_ENABLE_MODULES = YES;
				CLANG_ENABLE_OBJC_ARC = YES;
				CLANG_ENABLE_OBJC_WEAK = YES;
				CLANG_WARN_BLOCK_CAPTURE_AUTORELEASING = YES;
				CLANG_WARN_BOOL_CONVERSION = YES;
				CLANG_WARN_COMMA = YES;
				CLANG_WARN_CONSTANT_CONVERSION = YES;
				CLANG_WARN_DEPRECATED_OBJC_IMPLEMENTATIONS = YES;
				CLANG_WARN_DIRECT_OBJC_ISA_USAGE = YES_ERROR;
				CLANG_WARN_DOCUMENTATION_COMMENTS = YES;
				CLANG_WARN_EMPTY_BODY = YES;
				CLANG_WARN_ENUM_CONVERSION = YES;
				CLANG_WARN_INFINITE_RECURSION = YES;
				CLANG_WARN_INT_CONVERSION = YES;
				CLANG_WARN_NON_LITERAL_NULL_CONVERSION = YES;
				CLANG_WARN_OBJC_IMPLICIT_RETAIN_SELF = YES;
				CLANG_WARN_OBJC_LITERAL_CONVERSION = YES;
				CLANG_WARN_OBJC_ROOT_CLASS = YES_ERROR;
				CLANG_WARN_RANGE_LOOP_ANALYSIS = YES;
				CLANG_WARN_STRICT_PROTOTYPES = YES;
				CLANG_WARN_SUSPICIOUS_MOVE = YES;
				CLANG_WARN_UNGUARDED_AVAILABILITY = YES_AGGRESSIVE;
				CLANG_WARN_UNREACHABLE_CODE = YES;
				CLANG_WARN__DUPLICATE_METHOD_MATCH = YES;
				COPY_PHASE_STRIP = NO;
				DEBUG_INFORMATION_FORMAT = dwarf;
				ENABLE_STRICT_OBJC_MSGSEND = YES;
				ENABLE_TESTABILITY = YES;
				GCC_C_LANGUAGE_STANDARD = gnu11;
				GCC_DYNAMIC_NO_PIC = NO;
				GCC_NO_COMMON_BLOCKS = YES;
				GCC_OPTIMIZATION_LEVEL = 0;
				GCC_PREPROCESSOR_DEFINITIONS = (
					"DEBUG=1",
					"$(inherited)",
				);
				GCC_WARN_64_TO_32_BIT_CONVERSION = YES;
				GCC_WARN_ABOUT_RETURN_TYPE = YES_ERROR;
				GCC_WARN_UNDECLARED_SELECTOR = YES;
				GCC_WARN_UNINITIALIZED_AUTOS = YES_AGGRESSIVE;
				GCC_WARN_UNUSED_FUNCTION = YES;
				GCC_WARN_UNUSED_VARIABLE = YES;
				IPHONEOS_DEPLOYMENT_TARGET = 13.4;
				MTL_ENABLE_DEBUG_INFO = INCLUDE_SOURCE;
				MTL_FAST_MATH = YES;
				ONLY_ACTIVE_ARCH = YES;
				SDKROOT = iphoneos;
				SWIFT_ACTIVE_COMPILATION_CONDITIONS = DEBUG;
				SWIFT_OPTIMIZATION_LEVEL = "-Onone";
			};
			name = Debug;
		};
		F59CAF55243E5E430033A283 /* Release */ = {
			isa = XCBuildConfiguration;
			buildSettings = {
				ALWAYS_SEARCH_USER_PATHS = NO;
				CLANG_ANALYZER_NONNULL = YES;
				CLANG_ANALYZER_NUMBER_OBJECT_CONVERSION = YES_AGGRESSIVE;
				CLANG_CXX_LANGUAGE_STANDARD = "gnu++14";
				CLANG_CXX_LIBRARY = "libc++";
				CLANG_ENABLE_MODULES = YES;
				CLANG_ENABLE_OBJC_ARC = YES;
				CLANG_ENABLE_OBJC_WEAK = YES;
				CLANG_WARN_BLOCK_CAPTURE_AUTORELEASING = YES;
				CLANG_WARN_BOOL_CONVERSION = YES;
				CLANG_WARN_COMMA = YES;
				CLANG_WARN_CONSTANT_CONVERSION = YES;
				CLANG_WARN_DEPRECATED_OBJC_IMPLEMENTATIONS = YES;
				CLANG_WARN_DIRECT_OBJC_ISA_USAGE = YES_ERROR;
				CLANG_WARN_DOCUMENTATION_COMMENTS = YES;
				CLANG_WARN_EMPTY_BODY = YES;
				CLANG_WARN_ENUM_CONVERSION = YES;
				CLANG_WARN_INFINITE_RECURSION = YES;
				CLANG_WARN_INT_CONVERSION = YES;
				CLANG_WARN_NON_LITERAL_NULL_CONVERSION = YES;
				CLANG_WARN_OBJC_IMPLICIT_RETAIN_SELF = YES;
				CLANG_WARN_OBJC_LITERAL_CONVERSION = YES;
				CLANG_WARN_OBJC_ROOT_CLASS = YES_ERROR;
				CLANG_WARN_RANGE_LOOP_ANALYSIS = YES;
				CLANG_WARN_STRICT_PROTOTYPES = YES;
				CLANG_WARN_SUSPICIOUS_MOVE = YES;
				CLANG_WARN_UNGUARDED_AVAILABILITY = YES_AGGRESSIVE;
				CLANG_WARN_UNREACHABLE_CODE = YES;
				CLANG_WARN__DUPLICATE_METHOD_MATCH = YES;
				COPY_PHASE_STRIP = NO;
				DEBUG_INFORMATION_FORMAT = "dwarf-with-dsym";
				ENABLE_NS_ASSERTIONS = NO;
				ENABLE_STRICT_OBJC_MSGSEND = YES;
				GCC_C_LANGUAGE_STANDARD = gnu11;
				GCC_NO_COMMON_BLOCKS = YES;
				GCC_WARN_64_TO_32_BIT_CONVERSION = YES;
				GCC_WARN_ABOUT_RETURN_TYPE = YES_ERROR;
				GCC_WARN_UNDECLARED_SELECTOR = YES;
				GCC_WARN_UNINITIALIZED_AUTOS = YES_AGGRESSIVE;
				GCC_WARN_UNUSED_FUNCTION = YES;
				GCC_WARN_UNUSED_VARIABLE = YES;
				IPHONEOS_DEPLOYMENT_TARGET = 13.4;
				MTL_ENABLE_DEBUG_INFO = NO;
				MTL_FAST_MATH = YES;
				SDKROOT = iphoneos;
				SWIFT_COMPILATION_MODE = wholemodule;
				SWIFT_OPTIMIZATION_LEVEL = "-O";
				VALIDATE_PRODUCT = YES;
			};
			name = Release;
		};
		F59CAF57243E5E430033A283 /* Debug */ = {
			isa = XCBuildConfiguration;
			baseConfigurationReference = 36184D828FB038EAC8160769 /* Pods-FSPA.debug.xcconfig */;
			buildSettings = {
				ASSETCATALOG_COMPILER_APPICON_NAME = AppIcon;
				CODE_SIGN_STYLE = Automatic;
				DEVELOPMENT_TEAM = 4VQFP5DX32;
				INFOPLIST_FILE = FSPA/Info.plist;
				IPHONEOS_DEPLOYMENT_TARGET = 13.2;
				LD_RUNPATH_SEARCH_PATHS = (
					"$(inherited)",
					"@executable_path/Frameworks",
				);
				PRODUCT_BUNDLE_IDENTIFIER = com.PoppinSoftware.FSPA;
				PRODUCT_NAME = "$(TARGET_NAME)";
				SWIFT_VERSION = 5.0;
				TARGETED_DEVICE_FAMILY = 1;
			};
			name = Debug;
		};
		F59CAF58243E5E430033A283 /* Release */ = {
			isa = XCBuildConfiguration;
			baseConfigurationReference = 69183ECCD8EC63653E43E183 /* Pods-FSPA.release.xcconfig */;
			buildSettings = {
				ASSETCATALOG_COMPILER_APPICON_NAME = AppIcon;
				CODE_SIGN_STYLE = Automatic;
				DEVELOPMENT_TEAM = 4VQFP5DX32;
				INFOPLIST_FILE = FSPA/Info.plist;
				IPHONEOS_DEPLOYMENT_TARGET = 13.2;
				LD_RUNPATH_SEARCH_PATHS = (
					"$(inherited)",
					"@executable_path/Frameworks",
				);
				PRODUCT_BUNDLE_IDENTIFIER = com.PoppinSoftware.FSPA;
				PRODUCT_NAME = "$(TARGET_NAME)";
				SWIFT_VERSION = 5.0;
				TARGETED_DEVICE_FAMILY = 1;
			};
			name = Release;
		};
		F59CAF5A243E5E430033A283 /* Debug */ = {
			isa = XCBuildConfiguration;
			baseConfigurationReference = F249CA8FE30EAEE3127DF69B /* Pods-FSPATests.debug.xcconfig */;
			buildSettings = {
				ALWAYS_EMBED_SWIFT_STANDARD_LIBRARIES = YES;
				BUNDLE_LOADER = "$(TEST_HOST)";
				CODE_SIGN_STYLE = Automatic;
				DEVELOPMENT_TEAM = 7P3V6PZ6DZ;
				INFOPLIST_FILE = FSPATests/Info.plist;
				IPHONEOS_DEPLOYMENT_TARGET = 13.4;
				LD_RUNPATH_SEARCH_PATHS = (
					"$(inherited)",
					"@executable_path/Frameworks",
					"@loader_path/Frameworks",
				);
				PRODUCT_BUNDLE_IDENTIFIER = com.PoppinSoftware.FSPATests;
				PRODUCT_NAME = "$(TARGET_NAME)";
				SWIFT_VERSION = 5.0;
				TARGETED_DEVICE_FAMILY = "1,2";
				TEST_HOST = "$(BUILT_PRODUCTS_DIR)/FSPA.app/FSPA";
			};
			name = Debug;
		};
		F59CAF5B243E5E430033A283 /* Release */ = {
			isa = XCBuildConfiguration;
			baseConfigurationReference = E973E20EB6C021F4C6ED34BE /* Pods-FSPATests.release.xcconfig */;
			buildSettings = {
				ALWAYS_EMBED_SWIFT_STANDARD_LIBRARIES = YES;
				BUNDLE_LOADER = "$(TEST_HOST)";
				CODE_SIGN_STYLE = Automatic;
				DEVELOPMENT_TEAM = 7P3V6PZ6DZ;
				INFOPLIST_FILE = FSPATests/Info.plist;
				IPHONEOS_DEPLOYMENT_TARGET = 13.4;
				LD_RUNPATH_SEARCH_PATHS = (
					"$(inherited)",
					"@executable_path/Frameworks",
					"@loader_path/Frameworks",
				);
				PRODUCT_BUNDLE_IDENTIFIER = com.PoppinSoftware.FSPATests;
				PRODUCT_NAME = "$(TARGET_NAME)";
				SWIFT_VERSION = 5.0;
				TARGETED_DEVICE_FAMILY = "1,2";
				TEST_HOST = "$(BUILT_PRODUCTS_DIR)/FSPA.app/FSPA";
			};
			name = Release;
		};
		F59CAF5D243E5E430033A283 /* Debug */ = {
			isa = XCBuildConfiguration;
			baseConfigurationReference = A95605FDA875B8A4257FD0AA /* Pods-FSPA-FSPAUITests.debug.xcconfig */;
			buildSettings = {
				ALWAYS_EMBED_SWIFT_STANDARD_LIBRARIES = YES;
				CODE_SIGN_STYLE = Automatic;
				DEVELOPMENT_TEAM = 7P3V6PZ6DZ;
				INFOPLIST_FILE = FSPAUITests/Info.plist;
				LD_RUNPATH_SEARCH_PATHS = (
					"$(inherited)",
					"@executable_path/Frameworks",
					"@loader_path/Frameworks",
				);
				PRODUCT_BUNDLE_IDENTIFIER = com.PoppinSoftware.FSPAUITests;
				PRODUCT_NAME = "$(TARGET_NAME)";
				SWIFT_VERSION = 5.0;
				TARGETED_DEVICE_FAMILY = "1,2";
				TEST_TARGET_NAME = FSPA;
			};
			name = Debug;
		};
		F59CAF5E243E5E430033A283 /* Release */ = {
			isa = XCBuildConfiguration;
			baseConfigurationReference = F6F09D82C1DFF2B68F6EDA34 /* Pods-FSPA-FSPAUITests.release.xcconfig */;
			buildSettings = {
				ALWAYS_EMBED_SWIFT_STANDARD_LIBRARIES = YES;
				CODE_SIGN_STYLE = Automatic;
				DEVELOPMENT_TEAM = 7P3V6PZ6DZ;
				INFOPLIST_FILE = FSPAUITests/Info.plist;
				LD_RUNPATH_SEARCH_PATHS = (
					"$(inherited)",
					"@executable_path/Frameworks",
					"@loader_path/Frameworks",
				);
				PRODUCT_BUNDLE_IDENTIFIER = com.PoppinSoftware.FSPAUITests;
				PRODUCT_NAME = "$(TARGET_NAME)";
				SWIFT_VERSION = 5.0;
				TARGETED_DEVICE_FAMILY = "1,2";
				TEST_TARGET_NAME = FSPA;
			};
			name = Release;
		};
/* End XCBuildConfiguration section */

/* Begin XCConfigurationList section */
		F59CAF24243E5E3E0033A283 /* Build configuration list for PBXProject "FSPA" */ = {
			isa = XCConfigurationList;
			buildConfigurations = (
				F59CAF54243E5E430033A283 /* Debug */,
				F59CAF55243E5E430033A283 /* Release */,
			);
			defaultConfigurationIsVisible = 0;
			defaultConfigurationName = Release;
		};
		F59CAF56243E5E430033A283 /* Build configuration list for PBXNativeTarget "FSPA" */ = {
			isa = XCConfigurationList;
			buildConfigurations = (
				F59CAF57243E5E430033A283 /* Debug */,
				F59CAF58243E5E430033A283 /* Release */,
			);
			defaultConfigurationIsVisible = 0;
			defaultConfigurationName = Release;
		};
		F59CAF59243E5E430033A283 /* Build configuration list for PBXNativeTarget "FSPATests" */ = {
			isa = XCConfigurationList;
			buildConfigurations = (
				F59CAF5A243E5E430033A283 /* Debug */,
				F59CAF5B243E5E430033A283 /* Release */,
			);
			defaultConfigurationIsVisible = 0;
			defaultConfigurationName = Release;
		};
		F59CAF5C243E5E430033A283 /* Build configuration list for PBXNativeTarget "FSPAUITests" */ = {
			isa = XCConfigurationList;
			buildConfigurations = (
				F59CAF5D243E5E430033A283 /* Debug */,
				F59CAF5E243E5E430033A283 /* Release */,
			);
			defaultConfigurationIsVisible = 0;
			defaultConfigurationName = Release;
		};
/* End XCConfigurationList section */
	};
	rootObject = F59CAF21243E5E3E0033A283 /* Project object */;
}
